{
  "requires": true,
  "lockfileVersion": 1,
  "dependencies": {
    "wdt-emoji-bundle": {
      "version": "0.2.1",
      "resolved": "https://registry.npmjs.org/wdt-emoji-bundle/-/wdt-emoji-bundle-0.2.1.tgz",
      "integrity": "sha512-cULiJvzHMCYbz/A3gFfGXB9CcdepMnNSd4m0Slt3+ffCKLcQEGixM1B3GTWyjrGnjcPnWMdd7V8EXkCbszqn4g=="
    }
  }
}
